{
    "compileClasspath": {
        "com.google.code.findbugs:annotations": {
            "locked": "3.0.0",
            "transitive": [
                "com.palantir.tritium:tritium-api",
                "com.palantir.tritium:tritium-core",
                "com.palantir.tritium:tritium-lib",
                "com.palantir.tritium:tritium-metrics",
                "com.palantir.tritium:tritium-slf4j"
            ]
        },
        "com.google.code.findbugs:jsr305": {
            "locked": "3.0.0",
            "transitive": [
                "org.mpierce.metrics.reservoir:hdrhistogram-metrics-reservoir"
            ]
        },
        "com.google.guava:guava": {
            "locked": "18.0",
            "transitive": [
                "com.palantir.tritium:tritium-core",
                "com.palantir.tritium:tritium-lib",
                "com.palantir.tritium:tritium-metrics"
            ]
        },
        "com.palantir.tritium:tritium-api": {
            "project": true,
            "transitive": [
                "com.palantir.tritium:tritium-brave",
                "com.palantir.tritium:tritium-core",
                "com.palantir.tritium:tritium-lib",
                "com.palantir.tritium:tritium-metrics",
                "com.palantir.tritium:tritium-slf4j"
            ]
        },
        "com.palantir.tritium:tritium-brave": {
            "project": true
        },
        "com.palantir.tritium:tritium-core": {
            "project": true,
            "transitive": [
                "com.palantir.tritium:tritium-brave",
                "com.palantir.tritium:tritium-lib",
                "com.palantir.tritium:tritium-metrics",
                "com.palantir.tritium:tritium-slf4j"
            ]
        },
        "com.palantir.tritium:tritium-lib": {
            "project": true
        },
        "com.palantir.tritium:tritium-metrics": {
            "project": true,
            "transitive": [
                "com.palantir.tritium:tritium-lib"
            ]
        },
        "com.palantir.tritium:tritium-slf4j": {
            "project": true,
            "transitive": [
                "com.palantir.tritium:tritium-lib"
            ]
        },
        "io.dropwizard.metrics:metrics-core": {
            "locked": "3.1.2",
            "transitive": [
                "com.palantir.tritium:tritium-metrics",
                "org.mpierce.metrics.reservoir:hdrhistogram-metrics-reservoir"
            ]
        },
        "io.zipkin.brave:brave-core": {
            "locked": "3.14.1",
            "transitive": [
                "com.palantir.tritium:tritium-brave"
            ]
        },
        "io.zipkin.java:zipkin": {
            "locked": "1.13.0",
            "transitive": [
                "io.zipkin.brave:brave-core",
                "io.zipkin.reporter:zipkin-reporter"
            ]
        },
        "io.zipkin.reporter:zipkin-reporter": {
            "locked": "0.6.1",
            "transitive": [
                "io.zipkin.brave:brave-core"
            ]
        },
        "org.hdrhistogram:HdrHistogram": {
            "locked": "2.1.9",
            "transitive": [
                "com.palantir.tritium:tritium-metrics",
                "org.mpierce.metrics.reservoir:hdrhistogram-metrics-reservoir"
            ]
        },
        "org.mpierce.metrics.reservoir:hdrhistogram-metrics-reservoir": {
            "locked": "1.1.2",
            "transitive": [
                "com.palantir.tritium:tritium-metrics"
            ]
        },
        "org.slf4j:slf4j-api": {
            "locked": "1.7.12",
            "transitive": [
                "com.palantir.tritium:tritium-brave",
                "com.palantir.tritium:tritium-core",
                "com.palantir.tritium:tritium-lib",
                "com.palantir.tritium:tritium-metrics",
                "com.palantir.tritium:tritium-slf4j",
                "io.dropwizard.metrics:metrics-core"
            ]
        }
    },
    "runtime": {
        "com.google.code.findbugs:annotations": {
            "locked": "3.0.0",
            "transitive": [
                "com.palantir.tritium:tritium-api",
                "com.palantir.tritium:tritium-core",
                "com.palantir.tritium:tritium-lib",
                "com.palantir.tritium:tritium-metrics",
                "com.palantir.tritium:tritium-slf4j"
            ]
        },
        "com.google.code.findbugs:jsr305": {
            "locked": "3.0.0",
            "transitive": [
                "org.mpierce.metrics.reservoir:hdrhistogram-metrics-reservoir"
            ]
        },
        "com.google.guava:guava": {
            "locked": "18.0",
            "transitive": [
                "com.palantir.tritium:tritium-core",
                "com.palantir.tritium:tritium-lib",
                "com.palantir.tritium:tritium-metrics"
            ]
        },
        "com.palantir.tritium:tritium-api": {
            "project": true,
            "transitive": [
                "com.palantir.tritium:tritium-brave",
                "com.palantir.tritium:tritium-core",
                "com.palantir.tritium:tritium-lib",
                "com.palantir.tritium:tritium-metrics",
                "com.palantir.tritium:tritium-slf4j"
            ]
        },
        "com.palantir.tritium:tritium-brave": {
            "project": true
        },
        "com.palantir.tritium:tritium-core": {
            "project": true,
            "transitive": [
                "com.palantir.tritium:tritium-brave",
                "com.palantir.tritium:tritium-lib",
                "com.palantir.tritium:tritium-metrics",
                "com.palantir.tritium:tritium-slf4j"
            ]
        },
        "com.palantir.tritium:tritium-lib": {
            "project": true
        },
        "com.palantir.tritium:tritium-metrics": {
            "project": true,
            "transitive": [
                "com.palantir.tritium:tritium-lib"
            ]
        },
        "com.palantir.tritium:tritium-slf4j": {
            "project": true,
            "transitive": [
                "com.palantir.tritium:tritium-lib"
            ]
        },
        "io.dropwizard.metrics:metrics-core": {
            "locked": "3.1.2",
            "transitive": [
                "com.palantir.tritium:tritium-metrics",
                "org.mpierce.metrics.reservoir:hdrhistogram-metrics-reservoir"
            ]
        },
        "io.zipkin.brave:brave-core": {
            "locked": "3.14.1",
            "transitive": [
                "com.palantir.tritium:tritium-brave"
            ]
        },
        "io.zipkin.java:zipkin": {
            "locked": "1.13.0",
            "transitive": [
                "io.zipkin.brave:brave-core",
                "io.zipkin.reporter:zipkin-reporter"
            ]
        },
        "io.zipkin.reporter:zipkin-reporter": {
            "locked": "0.6.1",
            "transitive": [
                "io.zipkin.brave:brave-core"
            ]
        },
        "org.hdrhistogram:HdrHistogram": {
            "locked": "2.1.9",
            "transitive": [
                "com.palantir.tritium:tritium-metrics",
                "org.mpierce.metrics.reservoir:hdrhistogram-metrics-reservoir"
            ]
        },
        "org.mpierce.metrics.reservoir:hdrhistogram-metrics-reservoir": {
            "locked": "1.1.2",
            "transitive": [
                "com.palantir.tritium:tritium-metrics"
            ]
        },
        "org.slf4j:slf4j-api": {
            "locked": "1.7.12",
            "transitive": [
                "com.palantir.tritium:tritium-brave",
                "com.palantir.tritium:tritium-core",
                "com.palantir.tritium:tritium-lib",
                "com.palantir.tritium:tritium-metrics",
                "com.palantir.tritium:tritium-slf4j",
                "io.dropwizard.metrics:metrics-core"
            ]
        }
    }
}