# Run ./gradlew --write-locks to regenerate this file
com.fasterxml.jackson.core:jackson-annotations:2.9.9 (2 constraints: 051f31bf)
com.fasterxml.jackson.core:jackson-core:2.9.9 (5 constraints: bf623b5f)
com.fasterxml.jackson.core:jackson-databind:2.9.9 (4 constraints: 5c50e338)
com.fasterxml.jackson.datatype:jackson-datatype-guava:2.9.9 (1 constraints: ab0c5209)
com.fasterxml.jackson.datatype:jackson-datatype-jdk8:2.9.9 (1 constraints: ab0c5209)
com.fasterxml.jackson.module:jackson-module-afterburner:2.9.9 (1 constraints: ab0c5209)
com.github.ben-manes.caffeine:caffeine:2.8.0 (1 constraints: 0c050d36)
com.google.auto:auto-common:0.10 (2 constraints: 1714ff67)
com.google.auto.service:auto-service:1.0-rc4 (1 constraints: db05b241)
com.google.code.findbugs:jsr305:3.0.2 (4 constraints: 5b3585ed)
com.google.errorprone:error_prone_annotations:2.3.3 (5 constraints: c03c8d97)
com.google.guava:failureaccess:1.0.1 (1 constraints: 140ae1b4)
com.google.guava:guava:28.0-jre (5 constraints: 0d492866)
com.google.guava:listenablefuture:9999.0-empty-to-avoid-conflict-with-guava (1 constraints: bd17c918)
com.google.j2objc:j2objc-annotations:1.3 (1 constraints: b809eda0)
com.palantir.safe-logging:preconditions:1.11.0 (2 constraints: d7110305)
com.palantir.safe-logging:safe-logging:1.11.0 (3 constraints: 05232751)
com.palantir.tracing:tracing:3.3.0 (1 constraints: 08050336)
com.palantir.tracing:tracing-api:3.3.0 (1 constraints: 9e0c3d09)
io.dropwizard.metrics:metrics-core:3.2.5 (2 constraints: 0c1b5255)
io.dropwizard.metrics:metrics-jvm:3.2.5 (1 constraints: 0c050536)
net.bytebuddy:byte-buddy:1.10.2 (2 constraints: 7a1096ca)
org.checkerframework:checker-qual:2.10.0 (3 constraints: 4d1f241d)
org.codehaus.mojo:animal-sniffer-annotations:1.17 (1 constraints: ed09d8aa)
org.hdrhistogram:HdrHistogram:2.1.11 (1 constraints: 3705303b)
org.immutables:value:2.7.5 (1 constraints: 10050f36)
org.mpierce.metrics.reservoir:hdrhistogram-metrics-reservoir:1.1.2 (1 constraints: 0605f535)
org.slf4j:slf4j-api:1.7.26 (6 constraints: 6447ea68)

[Test dependencies]
ch.qos.logback:logback-classic:1.1.2 (1 constraints: 0605f535)
ch.qos.logback:logback-core:1.1.2 (1 constraints: 050dfb1c)
com.squareup.okhttp3:okhttp:4.0.0 (1 constraints: 0605ff35)
com.squareup.okio:okio:2.2.2 (1 constraints: 500c29fd)
io.undertow:undertow-core:2.0.20.Final (1 constraints: 4e07ff60)
net.bytebuddy:byte-buddy-agent:1.9.10 (1 constraints: 450b52de)
net.jqwik:jqwik:1.2.0 (1 constraints: 0505f635)
net.jqwik:jqwik-api:1.2.0 (2 constraints: ce116f10)
net.jqwik:jqwik-engine:1.2.0 (1 constraints: 9607e86c)
org.apiguardian:apiguardian-api:1.1.0 (8 constraints: cc6e0d03)
org.assertj:assertj-core:3.13.2 (1 constraints: 3b05403b)
org.awaitility:awaitility:4.0.1 (1 constraints: 07050036)
org.hamcrest:hamcrest:2.1 (1 constraints: 6f0b2cce)
org.jboss.logging:jboss-logging:3.3.2.Final (1 constraints: be0d7b30)
org.jboss.xnio:xnio-api:3.3.8.Final (2 constraints: 6f1a4d45)
org.jboss.xnio:xnio-nio:3.3.8.Final (1 constraints: c40da530)
org.jetbrains:annotations:13.0 (1 constraints: df0e795c)
org.jetbrains.kotlin:kotlin-stdlib:1.3.40 (2 constraints: 01173b5e)
org.jetbrains.kotlin:kotlin-stdlib-common:1.3.40 (1 constraints: 410fc47a)
org.junit.jupiter:junit-jupiter:5.5.2 (1 constraints: 0e051536)
org.junit.jupiter:junit-jupiter-api:5.5.2 (4 constraints: 323e76ff)
org.junit.jupiter:junit-jupiter-engine:5.5.2 (1 constraints: 090ed63b)
org.junit.jupiter:junit-jupiter-params:5.5.2 (2 constraints: 1613023c)
org.junit.platform:junit-platform-commons:1.5.2 (4 constraints: 1334c2ab)
org.junit.platform:junit-platform-engine:1.5.2 (2 constraints: e41ab74d)
org.mockito:mockito-core:3.1.0 (2 constraints: c4135a64)
org.mockito:mockito-junit-jupiter:3.1.0 (1 constraints: 0605fd35)
org.objenesis:objenesis:2.6 (1 constraints: b40a14bd)
org.opentest4j:opentest4j:1.2.0 (4 constraints: 01343da7)
org.slf4j:slf4j-simple:1.7.26 (1 constraints: 4205493b)
