# Run ./gradlew --write-locks to regenerate this file
com.fasterxml.jackson.core:jackson-annotations:2.9.9 (3 constraints: 162d35fc)
com.fasterxml.jackson.core:jackson-core:2.9.9 (5 constraints: bf623b5f)
com.fasterxml.jackson.core:jackson-databind:2.9.9 (5 constraints: 6d5e4e5d)
com.fasterxml.jackson.datatype:jackson-datatype-guava:2.9.9 (1 constraints: ab0c5209)
com.fasterxml.jackson.datatype:jackson-datatype-jdk8:2.9.9 (1 constraints: ab0c5209)
com.fasterxml.jackson.module:jackson-module-afterburner:2.9.9 (1 constraints: ab0c5209)
com.github.ben-manes.caffeine:caffeine:2.7.0 (1 constraints: 0b050a36)
com.google.auto:auto-common:0.10 (2 constraints: 1714ff67)
com.google.auto.service:auto-service:1.0-rc4 (1 constraints: db05b241)
com.google.code.findbugs:jsr305:3.0.2 (4 constraints: 5b3585ed)
com.google.errorprone:error_prone_annotations:2.3.3 (5 constraints: bd3c8996)
com.google.guava:failureaccess:1.0.1 (1 constraints: 140ae1b4)
com.google.guava:guava:27.0.1-jre (5 constraints: 6b4966f7)
com.google.guava:listenablefuture:9999.0-empty-to-avoid-conflict-with-guava (1 constraints: bd17c918)
com.google.j2objc:j2objc-annotations:1.1 (1 constraints: b609eba0)
com.palantir.safe-logging:preconditions:1.9.0 (2 constraints: ae11e6f9)
com.palantir.safe-logging:safe-logging:1.9.0 (3 constraints: b3222d22)
com.palantir.tracing:tracing:2.14.0 (1 constraints: 39053b3b)
com.palantir.tracing:tracing-api:2.14.0 (1 constraints: cf0c0b16)
io.dropwizard.metrics:metrics-core:3.2.5 (1 constraints: 4f0c80f3)
org.checkerframework:checker-qual:2.6.0 (3 constraints: 201fc302)
org.codehaus.mojo:animal-sniffer-annotations:1.17 (1 constraints: ed09d8aa)
org.hdrhistogram:HdrHistogram:2.1.11 (1 constraints: 3705303b)
org.immutables:value:2.7.5 (1 constraints: 10050f36)
org.mpierce.metrics.reservoir:hdrhistogram-metrics-reservoir:1.1.2 (1 constraints: 0605f535)
org.slf4j:slf4j-api:1.7.22 (3 constraints: 5a21a0af)
