{
    "compileClasspath": {
        "com.google.code.findbugs:annotations": {
            "locked": "3.0.0",
            "transitive": [
                "com.palantir.tritium:tritium-api",
                "com.palantir.tritium:tritium-core"
            ]
        },
        "com.google.guava:guava": {
            "locked": "18.0",
            "transitive": [
                "com.palantir.tritium:tritium-core"
            ]
        },
        "com.palantir.tritium:tritium-api": {
            "project": true,
            "transitive": [
                "com.palantir.tritium:tritium-core"
            ]
        },
        "com.palantir.tritium:tritium-core": {
            "project": true
        },
        "io.zipkin.brave:brave-core": {
            "locked": "3.14.1"
        },
        "io.zipkin.java:zipkin": {
            "locked": "1.13.0",
            "transitive": [
                "io.zipkin.brave:brave-core",
                "io.zipkin.reporter:zipkin-reporter"
            ]
        },
        "io.zipkin.reporter:zipkin-reporter": {
            "locked": "0.6.1",
            "transitive": [
                "io.zipkin.brave:brave-core"
            ]
        },
        "org.slf4j:slf4j-api": {
            "locked": "1.7.12",
            "transitive": [
                "com.palantir.tritium:tritium-core"
            ]
        }
    },
    "runtime": {
        "com.google.code.findbugs:annotations": {
            "locked": "3.0.0",
            "transitive": [
                "com.palantir.tritium:tritium-api",
                "com.palantir.tritium:tritium-core"
            ]
        },
        "com.google.guava:guava": {
            "locked": "18.0",
            "transitive": [
                "com.palantir.tritium:tritium-core"
            ]
        },
        "com.palantir.tritium:tritium-api": {
            "project": true,
            "transitive": [
                "com.palantir.tritium:tritium-core"
            ]
        },
        "com.palantir.tritium:tritium-core": {
            "project": true
        },
        "io.zipkin.brave:brave-core": {
            "locked": "3.14.1"
        },
        "io.zipkin.java:zipkin": {
            "locked": "1.13.0",
            "transitive": [
                "io.zipkin.brave:brave-core",
                "io.zipkin.reporter:zipkin-reporter"
            ]
        },
        "io.zipkin.reporter:zipkin-reporter": {
            "locked": "0.6.1",
            "transitive": [
                "io.zipkin.brave:brave-core"
            ]
        },
        "org.slf4j:slf4j-api": {
            "locked": "1.7.12",
            "transitive": [
                "com.palantir.tritium:tritium-core"
            ]
        }
    }
}