{
    "compileClasspath": {
        "com.google.code.findbugs:annotations": {
            "locked": "3.0.0",
            "transitive": [
                "com.palantir.tritium:tritium-api"
            ]
        },
        "com.google.guava:guava": {
            "locked": "18.0"
        },
        "com.palantir.tritium:tritium-api": {
            "project": true
        },
        "org.slf4j:slf4j-api": {
            "locked": "1.7.12"
        }
    },
    "runtime": {
        "com.google.code.findbugs:annotations": {
            "locked": "3.0.0",
            "transitive": [
                "com.palantir.tritium:tritium-api"
            ]
        },
        "com.google.guava:guava": {
            "locked": "18.0"
        },
        "com.palantir.tritium:tritium-api": {
            "project": true
        },
        "org.slf4j:slf4j-api": {
            "locked": "1.7.12"
        }
    }
}